// !$*UTF8*$!
{
	archiveVersion = 1;
	classes = {
	};
	objectVersion = 46;
	objects = {

/* Begin PBXBuildFile section */
		CF39B2D61AFB5DE200B04B81 /* main.m in Sources */ = {isa = PBXBuildFile; fileRef = CF39B2D51AFB5DE200B04B81 /* main.m */; };
		CF39B2D91AFB5DE200B04B81 /* AppDelegate.m in Sources */ = {isa = PBXBuildFile; fileRef = CF39B2D81AFB5DE200B04B81 /* AppDelegate.m */; };
		CF39B2DC1AFB5DE200B04B81 /* ViewController.m in Sources */ = {isa = PBXBuildFile; fileRef = CF39B2DB1AFB5DE200B04B81 /* ViewController.m */; };
		CF39B2DF1AFB5DE200B04B81 /* Main.storyboard in Resources */ = {isa = PBXBuildFile; fileRef = CF39B2DD1AFB5DE200B04B81 /* Main.storyboard */; };
		CF39B2E11AFB5DE200B04B81 /* Images.xcassets in Resources */ = {isa = PBXBuildFile; fileRef = CF39B2E01AFB5DE200B04B81 /* Images.xcassets */; };
		CF39B2E41AFB5DE200B04B81 /* LaunchScreen.xib in Resources */ = {isa = PBXBuildFile; fileRef = CF39B2E21AFB5DE200B04B81 /* LaunchScreen.xib */; };
		CF39B2F01AFB5DE200B04B81 /* timerTests.m in Sources */ = {isa = PBXBuildFile; fileRef = CF39B2EF1AFB5DE200B04B81 /* timerTests.m */; };
/* End PBXBuildFile section */

/* Begin PBXContainerItemProxy section */
		CF39B2EA1AFB5DE200B04B81 /* PBXContainerItemProxy */ = {
			isa = PBXContainerItemProxy;
			containerPortal = CF39B2C81AFB5DE200B04B81 /* Project object */;
			proxyType = 1;
			remoteGlobalIDString = CF39B2CF1AFB5DE200B04B81;
			remoteInfo = timer;
		};
/* End PBXContainerItemProxy section */

/* Begin PBXFileReference section */
		CF39B2D01AFB5DE200B04B81 /* timer.app */ = {isa = PBXFileReference; explicitFileType = wrapper.application; includeInIndex = 0; path = timer.app; sourceTree = BUILT_PRODUCTS_DIR; };
		CF39B2D41AFB5DE200B04B81 /* Info.plist */ = {isa = PBXFileReference; lastKnownFileType = text.plist.xml; path = Info.plist; sourceTree = "<group>"; };
		CF39B2D51AFB5DE200B04B81 /* main.m */ = {isa = PBXFileReference; lastKnownFileType = sourcecode.c.objc; path = main.m; sourceTree = "<group>"; };
		CF39B2D71AFB5DE200B04B81 /* AppDelegate.h */ = {isa = PBXFileReference; lastKnownFileType = sourcecode.c.h; path = AppDelegate.h; sourceTree = "<group>"; };
		CF39B2D81AFB5DE200B04B81 /* AppDelegate.m */ = {isa = PBXFileReference; lastKnownFileType = sourcecode.c.objc; path = AppDelegate.m; sourceTree = "<group>"; };
		CF39B2DA1AFB5DE200B04B81 /* ViewController.h */ = {isa = PBXFileReference; lastKnownFileType = sourcecode.c.h; path = ViewController.h; sourceTree = "<group>"; };
		CF39B2DB1AFB5DE200B04B81 /* ViewController.m */ = {isa = PBXFileReference; lastKnownFileType = sourcecode.c.objc; path = ViewController.m; sourceTree = "<group>"; };
		CF39B2DE1AFB5DE200B04B81 /* Base */ = {isa = PBXFileReference; lastKnownFileType = file.storyboard; name = Base; path = Base.lproj/Main.storyboard; sourceTree = "<group>"; };
		CF39B2E01AFB5DE200B04B81 /* Images.xcassets */ = {isa = PBXFileReference; lastKnownFileType = folder.assetcatalog; path = Images.xcassets; sourceTree = "<group>"; };
		CF39B2E31AFB5DE200B04B81 /* Base */ = {isa = PBXFileReference; lastKnownFileType = file.xib; name = Base; path = Base.lproj/LaunchScreen.xib; sourceTree = "<group>"; };
		CF39B2E91AFB5DE200B04B81 /* timerTests.xctest */ = {isa = PBXFileReference; explicitFileType = wrapper.cfbundle; includeInIndex = 0; path = timerTests.xctest; sourceTree = BUILT_PRODUCTS_DIR; };
		CF39B2EE1AFB5DE200B04B81 /* Info.plist */ = {isa = PBXFileReference; lastKnownFileType = text.plist.xml; path = Info.plist; sourceTree = "<group>"; };
		CF39B2EF1AFB5DE200B04B81 /* timerTests.m */ = {isa = PBXFileReference; lastKnownFileType = sourcecode.c.objc; path = timerTests.m; sourceTree = "<group>"; };
/* End PBXFileReference section */

/* Begin PBXFrameworksBuildPhase section */
		CF39B2CD1AFB5DE200B04B81 /* Frameworks */ = {
			isa = PBXFrameworksBuildPhase;
			buildActionMask = 2147483647;
			files = (
			);
			runOnlyForDeploymentPostprocessing = 0;
		};
		CF39B2E61AFB5DE200B04B81 /* Frameworks */ = {
			isa = PBXFrameworksBuildPhase;
			buildActionMask = 2147483647;
			files = (
			);
			runOnlyForDeploymentPostprocessing = 0;
		};
/* End PBXFrameworksBuildPhase section */

/* Begin PBXGroup section */
		CF39B2C71AFB5DE200B04B81 = {
			isa = PBXGroup;
			children = (
				CF39B2D21AFB5DE200B04B81 /* timer */,
				CF39B2EC1AFB5DE200B04B81 /* timerTests */,
				CF39B2D11AFB5DE200B04B81 /* Products */,
			);
			sourceTree = "<group>";
		};
		CF39B2D11AFB5DE200B04B81 /* Products */ = {
			isa = PBXGroup;
			children = (
				CF39B2D01AFB5DE200B04B81 /* timer.app */,
				CF39B2E91AFB5DE200B04B81 /* timerTests.xctest */,
			);
			name = Products;
			sourceTree = "<group>";
		};
		CF39B2D21AFB5DE200B04B81 /* timer */ = {
			isa = PBXGroup;
			children = (
				CF39B2D71AFB5DE200B04B81 /* AppDelegate.h */,
				CF39B2D81AFB5DE200B04B81 /* AppDelegate.m */,
				CF39B2DA1AFB5DE200B04B81 /* ViewController.h */,
				CF39B2DB1AFB5DE200B04B81 /* ViewController.m */,
				CF39B2DD1AFB5DE200B04B81 /* Main.storyboard */,
				CF39B2E01AFB5DE200B04B81 /* Images.xcassets */,
				CF39B2E21AFB5DE200B04B81 /* LaunchScreen.xib */,
				CF39B2D31AFB5DE200B04B81 /* Supporting Files */,
			);
			path = timer;
			sourceTree = "<group>";
		};
		CF39B2D31AFB5DE200B04B81 /* Supporting Files */ = {
			isa = PBXGroup;
			children = (
				CF39B2D41AFB5DE200B04B81 /* Info.plist */,
				CF39B2D51AFB5DE200B04B81 /* main.m */,
			);
			name = "Supporting Files";
			sourceTree = "<group>";
		};
		CF39B2EC1AFB5DE200B04B81 /* timerTests */ = {
			isa = PBXGroup;
			children = (
				CF39B2EF1AFB5DE200B04B81 /* timerTests.m */,
				CF39B2ED1AFB5DE200B04B81 /* Supporting Files */,
			);
			path = timerTests;
			sourceTree = "<group>";
		};
		CF39B2ED1AFB5DE200B04B81 /* Supporting Files */ = {
			isa = PBXGroup;
			children = (
				CF39B2EE1AFB5DE200B04B81 /* Info.plist */,
			);
			name = "Supporting Files";
			sourceTree = "<group>";
		};
/* End PBXGroup section */

/* Begin PBXNativeTarget section */
		CF39B2CF1AFB5DE200B04B81 /* timer */ = {
			isa = PBXNativeTarget;
			buildConfigurationList = CF39B2F31AFB5DE200B04B81 /* Build configuration list for PBXNativeTarget "timer" */;
			buildPhases = (
				CF39B2CC1AFB5DE200B04B81 /* Sources */,
				CF39B2CD1AFB5DE200B04B81 /* Frameworks */,
				CF39B2CE1AFB5DE200B04B81 /* Resources */,
			);
			buildRules = (
			);
			dependencies = (
			);
			name = timer;
			productName = timer;
			productReference = CF39B2D01AFB5DE200B04B81 /* timer.app */;
			productType = "com.apple.product-type.application";
		};
		CF39B2E81AFB5DE200B04B81 /* timerTests */ = {
			isa = PBXNativeTarget;
			buildConfigurationList = CF39B2F61AFB5DE200B04B81 /* Build configuration list for PBXNativeTarget "timerTests" */;
			buildPhases = (
				CF39B2E51AFB5DE200B04B81 /* Sources */,
				CF39B2E61AFB5DE200B04B81 /* Frameworks */,
				CF39B2E71AFB5DE200B04B81 /* Resources */,
			);
			buildRules = (
			);
			dependencies = (
				CF39B2EB1AFB5DE200B04B81 /* PBXTargetDependency */,
			);
			name = timerTests;
			productName = timerTests;
			productReference = CF39B2E91AFB5DE200B04B81 /* timerTests.xctest */;
			productType = "com.apple.product-type.bundle.unit-test";
		};
/* End PBXNativeTarget section */

/* Begin PBXProject section */
		CF39B2C81AFB5DE200B04B81 /* Project object */ = {
			isa = PBXProject;
			attributes = {
				LastUpgradeCheck = 0630;
				ORGANIZATIONNAME = mayumi;
				TargetAttributes = {
					CF39B2CF1AFB5DE200B04B81 = {
						CreatedOnToolsVersion = 6.3;
					};
					CF39B2E81AFB5DE200B04B81 = {
						CreatedOnToolsVersion = 6.3;
						TestTargetID = CF39B2CF1AFB5DE200B04B81;
					};
				};
			};
			buildConfigurationList = CF39B2CB1AFB5DE200B04B81 /* Build configuration list for PBXProject "timer" */;
			compatibilityVersion = "Xcode 3.2";
			developmentRegion = English;
			hasScannedForEncodings = 0;
			knownRegions = (
				en,
				Base,
			);
			mainGroup = CF39B2C71AFB5DE200B04B81;
			productRefGroup = CF39B2D11AFB5DE200B04B81 /* Products */;
			projectDirPath = "";
			projectRoot = "";
			targets = (
				CF39B2CF1AFB5DE200B04B81 /* timer */,
				CF39B2E81AFB5DE200B04B81 /* timerTests */,
			);
		};
/* End PBXProject section */

/* Begin PBXResourcesBuildPhase section */
		CF39B2CE1AFB5DE200B04B81 /* Resources */ = {
			isa = PBXResourcesBuildPhase;
			buildActionMask = 2147483647;
			files = (
				CF39B2DF1AFB5DE200B04B81 /* Main.storyboard in Resources */,
				CF39B2E41AFB5DE200B04B81 /* LaunchScreen.xib in Resources */,
				CF39B2E11AFB5DE200B04B81 /* Images.xcassets in Resources */,
			);
			runOnlyForDeploymentPostprocessing = 0;
		};
		CF39B2E71AFB5DE200B04B81 /* Resources */ = {
			isa = PBXResourcesBuildPhase;
			buildActionMask = 2147483647;
			files = (
			);
			runOnlyForDeploymentPostprocessing = 0;
		};
/* End PBXResourcesBuildPhase section */

/* Begin PBXSourcesBuildPhase section */
		CF39B2CC1AFB5DE200B04B81 /* Sources */ = {
			isa = PBXSourcesBuildPhase;
			buildActionMask = 2147483647;
			files = (
				CF39B2DC1AFB5DE200B04B81 /* ViewController.m in Sources */,
				CF39B2D91AFB5DE200B04B81 /* AppDelegate.m in Sources */,
				CF39B2D61AFB5DE200B04B81 /* main.m in Sources */,
			);
			runOnlyForDeploymentPostprocessing = 0;
		};
		CF39B2E51AFB5DE200B04B81 /* Sources */ = {
			isa = PBXSourcesBuildPhase;
			buildActionMask = 2147483647;
			files = (
				CF39B2F01AFB5DE200B04B81 /* timerTests.m in Sources */,
			);
			runOnlyForDeploymentPostprocessing = 0;
		};
/* End PBXSourcesBuildPhase section */

/* Begin PBXTargetDependency section */
		CF39B2EB1AFB5DE200B04B81 /* PBXTargetDependency */ = {
			isa = PBXTargetDependency;
			target = CF39B2CF1AFB5DE200B04B81 /* timer */;
			targetProxy = CF39B2EA1AFB5DE200B04B81 /* PBXContainerItemProxy */;
		};
/* End PBXTargetDependency section */

/* Begin PBXVariantGroup section */
		CF39B2DD1AFB5DE200B04B81 /* Main.storyboard */ = {
			isa = PBXVariantGroup;
			children = (
				CF39B2DE1AFB5DE200B04B81 /* Base */,
			);
			name = Main.storyboard;
			sourceTree = "<group>";
		};
		CF39B2E21AFB5DE200B04B81 /* LaunchScreen.xib */ = {
			isa = PBXVariantGroup;
			children = (
				CF39B2E31AFB5DE200B04B81 /* Base */,
			);
			name = LaunchScreen.xib;
			sourceTree = "<group>";
		};
/* End PBXVariantGroup section */

/* Begin XCBuildConfiguration section */
		CF39B2F11AFB5DE200B04B81 /* Debug */ = {
			isa = XCBuildConfiguration;
			buildSettings = {
				ALWAYS_SEARCH_USER_PATHS = NO;
				CLANG_CXX_LANGUAGE_STANDARD = "gnu++0x";
				CLANG_CXX_LIBRARY = "libc++";
				CLANG_ENABLE_MODULES = YES;
				CLANG_ENABLE_OBJC_ARC = YES;
				CLANG_WARN_BOOL_CONVERSION = YES;
				CLANG_WARN_CONSTANT_CONVERSION = YES;
				CLANG_WARN_DIRECT_OBJC_ISA_USAGE = YES_ERROR;
				CLANG_WARN_EMPTY_BODY = YES;
				CLANG_WARN_ENUM_CONVERSION = YES;
				CLANG_WARN_INT_CONVERSION = YES;
				CLANG_WARN_OBJC_ROOT_CLASS = YES_ERROR;
				CLANG_WARN_UNREACHABLE_CODE = YES;
				CLANG_WARN__DUPLICATE_METHOD_MATCH = YES;
				"CODE_SIGN_IDENTITY[sdk=iphoneos*]" = "iPhone Developer";
				COPY_PHASE_STRIP = NO;
				DEBUG_INFORMATION_FORMAT = "dwarf-with-dsym";
				ENABLE_STRICT_OBJC_MSGSEND = YES;
				GCC_C_LANGUAGE_STANDARD = gnu99;
				GCC_DYNAMIC_NO_PIC = NO;
				GCC_NO_COMMON_BLOCKS = YES;
				GCC_OPTIMIZATION_LEVEL = 0;
				GCC_PREPROCESSOR_DEFINITIONS = (
					"DEBUG=1",
					"$(inherited)",
				);
				GCC_SYMBOLS_PRIVATE_EXTERN = NO;
				GCC_WARN_64_TO_32_BIT_CONVERSION = YES;
				GCC_WARN_ABOUT_RETURN_TYPE = YES_ERROR;
				GCC_WARN_UNDECLARED_SELECTOR = YES;
				GCC_WARN_UNINITIALIZED_AUTOS = YES_AGGRESSIVE;
				GCC_WARN_UNUSED_FUNCTION = YES;
				GCC_WARN_UNUSED_VARIABLE = YES;
				IPHONEOS_DEPLOYMENT_TARGET = 8.3;
				MTL_ENABLE_DEBUG_INFO = YES;
				ONLY_ACTIVE_ARCH = YES;
				SDKROOT = iphoneos;
			};
			name = Debug;
		};
		CF39B2F21AFB5DE200B04B81 /* Release */ = {
			isa = XCBuildConfiguration;
			buildSettings = {
				ALWAYS_SEARCH_USER_PATHS = NO;
				CLANG_CXX_LANGUAGE_STANDARD = "gnu++0x";
				CLANG_CXX_LIBRARY = "libc++";
				CLANG_ENABLE_MODULES = YES;
				CLANG_ENABLE_OBJC_ARC = YES;
				CLANG_WARN_BOOL_CONVERSION = YES;
				CLANG_WARN_CONSTANT_CONVERSION = YES;
				CLANG_WARN_DIRECT_OBJC_ISA_USAGE = YES_ERROR;
				CLANG_WARN_EMPTY_BODY = YES;
				CLANG_WARN_ENUM_CONVERSION = YES;
				CLANG_WARN_INT_CONVERSION = YES;
				CLANG_WARN_OBJC_ROOT_CLASS = YES_ERROR;
				CLANG_WARN_UNREACHABLE_CODE = YES;
				CLANG_WARN__DUPLICATE_METHOD_MATCH = YES;
				"CODE_SIGN_IDENTITY[sdk=iphoneos*]" = "iPhone Developer";
				COPY_PHASE_STRIP = NO;
				DEBUG_INFORMATION_FORMAT = "dwarf-with-dsym";
				ENABLE_NS_ASSERTIONS = NO;
				ENABLE_STRICT_OBJC_MSGSEND = YES;
				GCC_C_LANGUAGE_STANDARD = gnu99;
				GCC_NO_COMMON_BLOCKS = YES;
				GCC_WARN_64_TO_32_BIT_CONVERSION = YES;
				GCC_WARN_ABOUT_RETURN_TYPE = YES_ERROR;
				GCC_WARN_UNDECLARED_SELECTOR = YES;
				GCC_WARN_UNINITIALIZED_AUTOS = YES_AGGRESSIVE;
				GCC_WARN_UNUSED_FUNCTION = YES;
				GCC_WARN_UNUSED_VARIABLE = YES;
				IPHONEOS_DEPLOYMENT_TARGET = 8.3;
				MTL_ENABLE_DEBUG_INFO = NO;
				SDKROOT = iphoneos;
				VALIDATE_PRODUCT = YES;
			};
			name = Release;
		};
		CF39B2F41AFB5DE200B04B81 /* Debug */ = {
			isa = XCBuildConfiguration;
			buildSettings = {
				ASSETCATALOG_COMPILER_APPICON_NAME = AppIcon;
				INFOPLIST_FILE = timer/Info.plist;
				LD_RUNPATH_SEARCH_PATHS = "$(inherited) @executable_path/Frameworks";
				PRODUCT_NAME = "$(TARGET_NAME)";
			};
			name = Debug;
		};
		CF39B2F51AFB5DE200B04B81 /* Release */ = {
			isa = XCBuildConfiguration;
			buildSettings = {
				ASSETCATALOG_COMPILER_APPICON_NAME = AppIcon;
				INFOPLIST_FILE = timer/Info.plist;
				LD_RUNPATH_SEARCH_PATHS = "$(inherited) @executable_path/Frameworks";
				PRODUCT_NAME = "$(TARGET_NAME)";
			};
			name = Release;
		};
		CF39B2F71AFB5DE200B04B81 /* Debug */ = {
			isa = XCBuildConfiguration;
			buildSettings = {
				BUNDLE_LOADER = "$(TEST_HOST)";
				FRAMEWORK_SEARCH_PATHS = (
					"$(SDKROOT)/Developer/Library/Frameworks",
					"$(inherited)",
				);
				GCC_PREPROCESSOR_DEFINITIONS = (
					"DEBUG=1",
					"$(inherited)",
				);
				INFOPLIST_FILE = timerTests/Info.plist;
				LD_RUNPATH_SEARCH_PATHS = "$(inherited) @executable_path/Frameworks @loader_path/Frameworks";
				PRODUCT_NAME = "$(TARGET_NAME)";
				TEST_HOST = "$(BUILT_PRODUCTS_DIR)/timer.app/timer";
			};
			name = Debug;
		};
		CF39B2F81AFB5DE200B04B81 /* Release */ = {
			isa = XCBuildConfiguration;
			buildSettings = {
				BUNDLE_LOADER = "$(TEST_HOST)";
				FRAMEWORK_SEARCH_PATHS = (
					"$(SDKROOT)/Developer/Library/Frameworks",
					"$(inherited)",
				);
				INFOPLIST_FILE = timerTests/Info.plist;
				LD_RUNPATH_SEARCH_PATHS = "$(inherited) @executable_path/Frameworks @loader_path/Frameworks";
				PRODUCT_NAME = "$(TARGET_NAME)";
				TEST_HOST = "$(BUILT_PRODUCTS_DIR)/timer.app/timer";
			};
			name = Release;
		};
/* End XCBuildConfiguration section */

/* Begin XCConfigurationList section */
		CF39B2CB1AFB5DE200B04B81 /* Build configuration list for PBXProject "timer" */ = {
			isa = XCConfigurationList;
			buildConfigurations = (
				CF39B2F11AFB5DE200B04B81 /* Debug */,
				CF39B2F21AFB5DE200B04B81 /* Release */,
			);
			defaultConfigurationIsVisible = 0;
			defaultConfigurationName = Release;
		};
		CF39B2F31AFB5DE200B04B81 /* Build configuration list for PBXNativeTarget "timer" */ = {
			isa = XCConfigurationList;
			buildConfigurations = (
				CF39B2F41AFB5DE200B04B81 /* Debug */,
				CF39B2F51AFB5DE200B04B81 /* Release */,
			);
			defaultConfigurationIsVisible = 0;
		};
		CF39B2F61AFB5DE200B04B81 /* Build configuration list for PBXNativeTarget "timerTests" */ = {
			isa = XCConfigurationList;
			buildConfigurations = (
				CF39B2F71AFB5DE200B04B81 /* Debug */,
				CF39B2F81AFB5DE200B04B81 /* Release */,
			);
			defaultConfigurationIsVisible = 0;
		};
/* End XCConfigurationList section */
	};
	rootObject = CF39B2C81AFB5DE200B04B81 /* Project object */;
}
